// !$*UTF8*$!
{
	archiveVersion = 1;
	classes = {
	};
	objectVersion = 50;
	objects = {

/* Begin PBXBuildFile section */
		709021B2268B5D1600DB2DBA /* Learning_App.swift in Sources */ = {isa = PBXBuildFile; fileRef = 709021B1268B5D1600DB2DBA /* Learning_App.swift */; };
		709021B4268B5D1600DB2DBA /* HomeView.swift in Sources */ = {isa = PBXBuildFile; fileRef = 709021B3268B5D1600DB2DBA /* HomeView.swift */; };
		709021B6268B5D1900DB2DBA /* Assets.xcassets in Resources */ = {isa = PBXBuildFile; fileRef = 709021B5268B5D1900DB2DBA /* Assets.xcassets */; };
		709021B9268B5D1900DB2DBA /* Preview Assets.xcassets in Resources */ = {isa = PBXBuildFile; fileRef = 709021B8268B5D1900DB2DBA /* Preview Assets.xcassets */; };
		709021C6268B620200DB2DBA /* ContentModel.swift in Sources */ = {isa = PBXBuildFile; fileRef = 709021C5268B620200DB2DBA /* ContentModel.swift */; };
		709021C9268B668600DB2DBA /* style.html in Resources */ = {isa = PBXBuildFile; fileRef = 709021C7268B668600DB2DBA /* style.html */; };
		709021CA268B668600DB2DBA /* data.json in Resources */ = {isa = PBXBuildFile; fileRef = 709021C8268B668600DB2DBA /* data.json */; };
		709021CC268B68D600DB2DBA /* Models.swift in Sources */ = {isa = PBXBuildFile; fileRef = 709021CB268B68D600DB2DBA /* Models.swift */; };
		709021CE268BBF6500DB2DBA /* HomeViewRow.swift in Sources */ = {isa = PBXBuildFile; fileRef = 709021CD268BBF6500DB2DBA /* HomeViewRow.swift */; };
		709021D0268BED2F00DB2DBA /* ContentView.swift in Sources */ = {isa = PBXBuildFile; fileRef = 709021CF268BED2F00DB2DBA /* ContentView.swift */; };
		709021D2268BF6CD00DB2DBA /* ContentViewRow.swift in Sources */ = {isa = PBXBuildFile; fileRef = 709021D1268BF6CD00DB2DBA /* ContentViewRow.swift */; };
		709021D4268CA7C300DB2DBA /* ContentDetailView.swift in Sources */ = {isa = PBXBuildFile; fileRef = 709021D3268CA7C300DB2DBA /* ContentDetailView.swift */; };
		709021D7268CE31200DB2DBA /* AVKit.framework in Frameworks */ = {isa = PBXBuildFile; fileRef = 709021D6268CE31200DB2DBA /* AVKit.framework */; };
		709021D9268CFB5900DB2DBA /* Constants.swift in Sources */ = {isa = PBXBuildFile; fileRef = 709021D8268CFB5900DB2DBA /* Constants.swift */; };
		709021DB268E8A8000DB2DBA /* CodeTextView.swift in Sources */ = {isa = PBXBuildFile; fileRef = 709021DA268E8A8000DB2DBA /* CodeTextView.swift */; };
/* End PBXBuildFile section */

/* Begin PBXFileReference section */
		709021AE268B5D1600DB2DBA /* Learning App.app */ = {isa = PBXFileReference; explicitFileType = wrapper.application; includeInIndex = 0; path = "Learning App.app"; sourceTree = BUILT_PRODUCTS_DIR; };
		709021B1268B5D1600DB2DBA /* Learning_App.swift */ = {isa = PBXFileReference; lastKnownFileType = sourcecode.swift; path = Learning_App.swift; sourceTree = "<group>"; };
		709021B3268B5D1600DB2DBA /* HomeView.swift */ = {isa = PBXFileReference; lastKnownFileType = sourcecode.swift; path = HomeView.swift; sourceTree = "<group>"; };
		709021B5268B5D1900DB2DBA /* Assets.xcassets */ = {isa = PBXFileReference; lastKnownFileType = folder.assetcatalog; path = Assets.xcassets; sourceTree = "<group>"; };
		709021B8268B5D1900DB2DBA /* Preview Assets.xcassets */ = {isa = PBXFileReference; lastKnownFileType = folder.assetcatalog; path = "Preview Assets.xcassets"; sourceTree = "<group>"; };
		709021BA268B5D1900DB2DBA /* Info.plist */ = {isa = PBXFileReference; lastKnownFileType = text.plist.xml; path = Info.plist; sourceTree = "<group>"; };
		709021C5268B620200DB2DBA /* ContentModel.swift */ = {isa = PBXFileReference; lastKnownFileType = sourcecode.swift; path = ContentModel.swift; sourceTree = "<group>"; };
		709021C7268B668600DB2DBA /* style.html */ = {isa = PBXFileReference; fileEncoding = 4; lastKnownFileType = text.html; path = style.html; sourceTree = "<group>"; };
		709021C8268B668600DB2DBA /* data.json */ = {isa = PBXFileReference; fileEncoding = 4; lastKnownFileType = text.json; path = data.json; sourceTree = "<group>"; };
		709021CB268B68D600DB2DBA /* Models.swift */ = {isa = PBXFileReference; lastKnownFileType = sourcecode.swift; path = Models.swift; sourceTree = "<group>"; };
		709021CD268BBF6500DB2DBA /* HomeViewRow.swift */ = {isa = PBXFileReference; lastKnownFileType = sourcecode.swift; path = HomeViewRow.swift; sourceTree = "<group>"; };
		709021CF268BED2F00DB2DBA /* ContentView.swift */ = {isa = PBXFileReference; lastKnownFileType = sourcecode.swift; path = ContentView.swift; sourceTree = "<group>"; };
		709021D1268BF6CD00DB2DBA /* ContentViewRow.swift */ = {isa = PBXFileReference; lastKnownFileType = sourcecode.swift; path = ContentViewRow.swift; sourceTree = "<group>"; };
		709021D3268CA7C300DB2DBA /* ContentDetailView.swift */ = {isa = PBXFileReference; lastKnownFileType = sourcecode.swift; path = ContentDetailView.swift; sourceTree = "<group>"; };
		709021D6268CE31200DB2DBA /* AVKit.framework */ = {isa = PBXFileReference; lastKnownFileType = wrapper.framework; name = AVKit.framework; path = System/Library/Frameworks/AVKit.framework; sourceTree = SDKROOT; };
		709021D8268CFB5900DB2DBA /* Constants.swift */ = {isa = PBXFileReference; lastKnownFileType = sourcecode.swift; path = Constants.swift; sourceTree = "<group>"; };
		709021DA268E8A8000DB2DBA /* CodeTextView.swift */ = {isa = PBXFileReference; lastKnownFileType = sourcecode.swift; path = CodeTextView.swift; sourceTree = "<group>"; };
/* End PBXFileReference section */

/* Begin PBXFrameworksBuildPhase section */
		709021AB268B5D1600DB2DBA /* Frameworks */ = {
			isa = PBXFrameworksBuildPhase;
			buildActionMask = 2147483647;
			files = (
				709021D7268CE31200DB2DBA /* AVKit.framework in Frameworks */,
			);
			runOnlyForDeploymentPostprocessing = 0;
		};
/* End PBXFrameworksBuildPhase section */

/* Begin PBXGroup section */
		709021A5268B5D1600DB2DBA = {
			isa = PBXGroup;
			children = (
				709021B0268B5D1600DB2DBA /* Learning App */,
				709021AF268B5D1600DB2DBA /* Products */,
				709021D5268CE31200DB2DBA /* Frameworks */,
			);
			sourceTree = "<group>";
		};
		709021AF268B5D1600DB2DBA /* Products */ = {
			isa = PBXGroup;
			children = (
				709021AE268B5D1600DB2DBA /* Learning App.app */,
			);
			name = Products;
			sourceTree = "<group>";
		};
		709021B0268B5D1600DB2DBA /* Learning App */ = {
			isa = PBXGroup;
			children = (
				709021B1268B5D1600DB2DBA /* Learning_App.swift */,
				709021C2268B614100DB2DBA /* Models */,
				709021C1268B613A00DB2DBA /* ViewModels */,
				709021C0268B613200DB2DBA /* Views */,
				709021C3268B615000DB2DBA /* Resources */,
				709021C4268B616C00DB2DBA /* Services */,
				709021B5268B5D1900DB2DBA /* Assets.xcassets */,
				709021BA268B5D1900DB2DBA /* Info.plist */,
				709021B7268B5D1900DB2DBA /* Preview Content */,
			);
			path = "Learning App";
			sourceTree = "<group>";
		};
		709021B7268B5D1900DB2DBA /* Preview Content */ = {
			isa = PBXGroup;
			children = (
				709021B8268B5D1900DB2DBA /* Preview Assets.xcassets */,
			);
			path = "Preview Content";
			sourceTree = "<group>";
		};
		709021C0268B613200DB2DBA /* Views */ = {
			isa = PBXGroup;
			children = (
				709021B3268B5D1600DB2DBA /* HomeView.swift */,
				709021CD268BBF6500DB2DBA /* HomeViewRow.swift */,
				709021CF268BED2F00DB2DBA /* ContentView.swift */,
				709021D1268BF6CD00DB2DBA /* ContentViewRow.swift */,
				709021D3268CA7C300DB2DBA /* ContentDetailView.swift */,
				709021DA268E8A8000DB2DBA /* CodeTextView.swift */,
			);
			path = Views;
			sourceTree = "<group>";
		};
		709021C1268B613A00DB2DBA /* ViewModels */ = {
			isa = PBXGroup;
			children = (
				709021C5268B620200DB2DBA /* ContentModel.swift */,
			);
			path = ViewModels;
			sourceTree = "<group>";
		};
		709021C2268B614100DB2DBA /* Models */ = {
			isa = PBXGroup;
			children = (
				709021CB268B68D600DB2DBA /* Models.swift */,
			);
			path = Models;
			sourceTree = "<group>";
		};
		709021C3268B615000DB2DBA /* Resources */ = {
			isa = PBXGroup;
			children = (
				709021C8268B668600DB2DBA /* data.json */,
				709021C7268B668600DB2DBA /* style.html */,
				709021D8268CFB5900DB2DBA /* Constants.swift */,
			);
			path = Resources;
			sourceTree = "<group>";
		};
		709021C4268B616C00DB2DBA /* Services */ = {
			isa = PBXGroup;
			children = (
			);
			path = Services;
			sourceTree = "<group>";
		};
		709021D5268CE31200DB2DBA /* Frameworks */ = {
			isa = PBXGroup;
			children = (
				709021D6268CE31200DB2DBA /* AVKit.framework */,
			);
			name = Frameworks;
			sourceTree = "<group>";
		};
/* End PBXGroup section */

/* Begin PBXNativeTarget section */
		709021AD268B5D1600DB2DBA /* Learning App */ = {
			isa = PBXNativeTarget;
			buildConfigurationList = 709021BD268B5D1900DB2DBA /* Build configuration list for PBXNativeTarget "Learning App" */;
			buildPhases = (
				709021AA268B5D1600DB2DBA /* Sources */,
				709021AB268B5D1600DB2DBA /* Frameworks */,
				709021AC268B5D1600DB2DBA /* Resources */,
			);
			buildRules = (
			);
			dependencies = (
			);
			name = "Learning App";
			productName = "Learning App";
			productReference = 709021AE268B5D1600DB2DBA /* Learning App.app */;
			productType = "com.apple.product-type.application";
		};
/* End PBXNativeTarget section */

/* Begin PBXProject section */
		709021A6268B5D1600DB2DBA /* Project object */ = {
			isa = PBXProject;
			attributes = {
				LastSwiftUpdateCheck = 1250;
				LastUpgradeCheck = 1250;
				TargetAttributes = {
					709021AD268B5D1600DB2DBA = {
						CreatedOnToolsVersion = 12.5;
					};
				};
			};
			buildConfigurationList = 709021A9268B5D1600DB2DBA /* Build configuration list for PBXProject "Learning App" */;
			compatibilityVersion = "Xcode 9.3";
			developmentRegion = en;
			hasScannedForEncodings = 0;
			knownRegions = (
				en,
				Base,
			);
			mainGroup = 709021A5268B5D1600DB2DBA;
			productRefGroup = 709021AF268B5D1600DB2DBA /* Products */;
			projectDirPath = "";
			projectRoot = "";
			targets = (
				709021AD268B5D1600DB2DBA /* Learning App */,
			);
		};
/* End PBXProject section */

/* Begin PBXResourcesBuildPhase section */
		709021AC268B5D1600DB2DBA /* Resources */ = {
			isa = PBXResourcesBuildPhase;
			buildActionMask = 2147483647;
			files = (
				709021C9268B668600DB2DBA /* style.html in Resources */,
				709021B9268B5D1900DB2DBA /* Preview Assets.xcassets in Resources */,
				709021B6268B5D1900DB2DBA /* Assets.xcassets in Resources */,
				709021CA268B668600DB2DBA /* data.json in Resources */,
			);
			runOnlyForDeploymentPostprocessing = 0;
		};
/* End PBXResourcesBuildPhase section */

/* Begin PBXSourcesBuildPhase section */
		709021AA268B5D1600DB2DBA /* Sources */ = {
			isa = PBXSourcesBuildPhase;
			buildActionMask = 2147483647;
			files = (
				709021B4268B5D1600DB2DBA /* HomeView.swift in Sources */,
				709021CE268BBF6500DB2DBA /* HomeViewRow.swift in Sources */,
				709021D0268BED2F00DB2DBA /* ContentView.swift in Sources */,
				709021D4268CA7C300DB2DBA /* ContentDetailView.swift in Sources */,
				709021B2268B5D1600DB2DBA /* Learning_App.swift in Sources */,
				709021D2268BF6CD00DB2DBA /* ContentViewRow.swift in Sources */,
				709021DB268E8A8000DB2DBA /* CodeTextView.swift in Sources */,
				709021C6268B620200DB2DBA /* ContentModel.swift in Sources */,
				709021CC268B68D600DB2DBA /* Models.swift in Sources */,
				709021D9268CFB5900DB2DBA /* Constants.swift in Sources */,
			);
			runOnlyForDeploymentPostprocessing = 0;
		};
/* End PBXSourcesBuildPhase section */

/* Begin XCBuildConfiguration section */
		709021BB268B5D1900DB2DBA /* Debug */ = {
			isa = XCBuildConfiguration;
			buildSettings = {
				ALWAYS_SEARCH_USER_PATHS = NO;
				CLANG_ANALYZER_NONNULL = YES;
				CLANG_ANALYZER_NUMBER_OBJECT_CONVERSION = YES_AGGRESSIVE;
				CLANG_CXX_LANGUAGE_STANDARD = "gnu++14";
				CLANG_CXX_LIBRARY = "libc++";
				CLANG_ENABLE_MODULES = YES;
				CLANG_ENABLE_OBJC_ARC = YES;
				CLANG_ENABLE_OBJC_WEAK = YES;
				CLANG_WARN_BLOCK_CAPTURE_AUTORELEASING = YES;
				CLANG_WARN_BOOL_CONVERSION = YES;
				CLANG_WARN_COMMA = YES;
				CLANG_WARN_CONSTANT_CONVERSION = YES;
				CLANG_WARN_DEPRECATED_OBJC_IMPLEMENTATIONS = YES;
				CLANG_WARN_DIRECT_OBJC_ISA_USAGE = YES_ERROR;
				CLANG_WARN_DOCUMENTATION_COMMENTS = YES;
				CLANG_WARN_EMPTY_BODY = YES;
				CLANG_WARN_ENUM_CONVERSION = YES;
				CLANG_WARN_INFINITE_RECURSION = YES;
				CLANG_WARN_INT_CONVERSION = YES;
				CLANG_WARN_NON_LITERAL_NULL_CONVERSION = YES;
				CLANG_WARN_OBJC_IMPLICIT_RETAIN_SELF = YES;
				CLANG_WARN_OBJC_LITERAL_CONVERSION = YES;
				CLANG_WARN_OBJC_ROOT_CLASS = YES_ERROR;
				CLANG_WARN_QUOTED_INCLUDE_IN_FRAMEWORK_HEADER = YES;
				CLANG_WARN_RANGE_LOOP_ANALYSIS = YES;
				CLANG_WARN_STRICT_PROTOTYPES = YES;
				CLANG_WARN_SUSPICIOUS_MOVE = YES;
				CLANG_WARN_UNGUARDED_AVAILABILITY = YES_AGGRESSIVE;
				CLANG_WARN_UNREACHABLE_CODE = YES;
				CLANG_WARN__DUPLICATE_METHOD_MATCH = YES;
				COPY_PHASE_STRIP = NO;
				DEBUG_INFORMATION_FORMAT = dwarf;
				ENABLE_STRICT_OBJC_MSGSEND = YES;
				ENABLE_TESTABILITY = YES;
				GCC_C_LANGUAGE_STANDARD = gnu11;
				GCC_DYNAMIC_NO_PIC = NO;
				GCC_NO_COMMON_BLOCKS = YES;
				GCC_OPTIMIZATION_LEVEL = 0;
				GCC_PREPROCESSOR_DEFINITIONS = (
					"DEBUG=1",
					"$(inherited)",
				);
				GCC_WARN_64_TO_32_BIT_CONVERSION = YES;
				GCC_WARN_ABOUT_RETURN_TYPE = YES_ERROR;
				GCC_WARN_UNDECLARED_SELECTOR = YES;
				GCC_WARN_UNINITIALIZED_AUTOS = YES_AGGRESSIVE;
				GCC_WARN_UNUSED_FUNCTION = YES;
				GCC_WARN_UNUSED_VARIABLE = YES;
				IPHONEOS_DEPLOYMENT_TARGET = 14.5;
				MTL_ENABLE_DEBUG_INFO = INCLUDE_SOURCE;
				MTL_FAST_MATH = YES;
				ONLY_ACTIVE_ARCH = YES;
				SDKROOT = iphoneos;
				SWIFT_ACTIVE_COMPILATION_CONDITIONS = DEBUG;
				SWIFT_OPTIMIZATION_LEVEL = "-Onone";
			};
			name = Debug;
		};
		709021BC268B5D1900DB2DBA /* Release */ = {
			isa = XCBuildConfiguration;
			buildSettings = {
				ALWAYS_SEARCH_USER_PATHS = NO;
				CLANG_ANALYZER_NONNULL = YES;
				CLANG_ANALYZER_NUMBER_OBJECT_CONVERSION = YES_AGGRESSIVE;
				CLANG_CXX_LANGUAGE_STANDARD = "gnu++14";
				CLANG_CXX_LIBRARY = "libc++";
				CLANG_ENABLE_MODULES = YES;
				CLANG_ENABLE_OBJC_ARC = YES;
				CLANG_ENABLE_OBJC_WEAK = YES;
				CLANG_WARN_BLOCK_CAPTURE_AUTORELEASING = YES;
				CLANG_WARN_BOOL_CONVERSION = YES;
				CLANG_WARN_COMMA = YES;
				CLANG_WARN_CONSTANT_CONVERSION = YES;
				CLANG_WARN_DEPRECATED_OBJC_IMPLEMENTATIONS = YES;
				CLANG_WARN_DIRECT_OBJC_ISA_USAGE = YES_ERROR;
				CLANG_WARN_DOCUMENTATION_COMMENTS = YES;
				CLANG_WARN_EMPTY_BODY = YES;
				CLANG_WARN_ENUM_CONVERSION = YES;
				CLANG_WARN_INFINITE_RECURSION = YES;
				CLANG_WARN_INT_CONVERSION = YES;
				CLANG_WARN_NON_LITERAL_NULL_CONVERSION = YES;
				CLANG_WARN_OBJC_IMPLICIT_RETAIN_SELF = YES;
				CLANG_WARN_OBJC_LITERAL_CONVERSION = YES;
				CLANG_WARN_OBJC_ROOT_CLASS = YES_ERROR;
				CLANG_WARN_QUOTED_INCLUDE_IN_FRAMEWORK_HEADER = YES;
				CLANG_WARN_RANGE_LOOP_ANALYSIS = YES;
				CLANG_WARN_STRICT_PROTOTYPES = YES;
				CLANG_WARN_SUSPICIOUS_MOVE = YES;
				CLANG_WARN_UNGUARDED_AVAILABILITY = YES_AGGRESSIVE;
				CLANG_WARN_UNREACHABLE_CODE = YES;
				CLANG_WARN__DUPLICATE_METHOD_MATCH = YES;
				COPY_PHASE_STRIP = NO;
				DEBUG_INFORMATION_FORMAT = "dwarf-with-dsym";
				ENABLE_NS_ASSERTIONS = NO;
				ENABLE_STRICT_OBJC_MSGSEND = YES;
				GCC_C_LANGUAGE_STANDARD = gnu11;
				GCC_NO_COMMON_BLOCKS = YES;
				GCC_WARN_64_TO_32_BIT_CONVERSION = YES;
				GCC_WARN_ABOUT_RETURN_TYPE = YES_ERROR;
				GCC_WARN_UNDECLARED_SELECTOR = YES;
				GCC_WARN_UNINITIALIZED_AUTOS = YES_AGGRESSIVE;
				GCC_WARN_UNUSED_FUNCTION = YES;
				GCC_WARN_UNUSED_VARIABLE = YES;
				IPHONEOS_DEPLOYMENT_TARGET = 14.5;
				MTL_ENABLE_DEBUG_INFO = NO;
				MTL_FAST_MATH = YES;
				SDKROOT = iphoneos;
				SWIFT_COMPILATION_MODE = wholemodule;
				SWIFT_OPTIMIZATION_LEVEL = "-O";
				VALIDATE_PRODUCT = YES;
			};
			name = Release;
		};
		709021BE268B5D1900DB2DBA /* Debug */ = {
			isa = XCBuildConfiguration;
			buildSettings = {
				ASSETCATALOG_COMPILER_APPICON_NAME = AppIcon;
				ASSETCATALOG_COMPILER_GLOBAL_ACCENT_COLOR_NAME = AccentColor;
				CODE_SIGN_STYLE = Automatic;
				DEVELOPMENT_ASSET_PATHS = "\"Learning App/Preview Content\"";
				DEVELOPMENT_TEAM = VMP9TVJ8FC;
				ENABLE_PREVIEWS = YES;
				INFOPLIST_FILE = "Learning App/Info.plist";
				IPHONEOS_DEPLOYMENT_TARGET = 14.0;
				LD_RUNPATH_SEARCH_PATHS = (
					"$(inherited)",
					"@executable_path/Frameworks",
				);
				PRODUCT_BUNDLE_IDENTIFIER = "com.antoniogormley.Learning-App";
				PRODUCT_NAME = "$(TARGET_NAME)";
				SWIFT_VERSION = 5.0;
				TARGETED_DEVICE_FAMILY = "1,2";
			};
			name = Debug;
		};
		709021BF268B5D1900DB2DBA /* Release */ = {
			isa = XCBuildConfiguration;
			buildSettings = {
				ASSETCATALOG_COMPILER_APPICON_NAME = AppIcon;
				ASSETCATALOG_COMPILER_GLOBAL_ACCENT_COLOR_NAME = AccentColor;
				CODE_SIGN_STYLE = Automatic;
				DEVELOPMENT_ASSET_PATHS = "\"Learning App/Preview Content\"";
				DEVELOPMENT_TEAM = VMP9TVJ8FC;
				ENABLE_PREVIEWS = YES;
				INFOPLIST_FILE = "Learning App/Info.plist";
				IPHONEOS_DEPLOYMENT_TARGET = 14.0;
				LD_RUNPATH_SEARCH_PATHS = (
					"$(inherited)",
					"@executable_path/Frameworks",
				);
				PRODUCT_BUNDLE_IDENTIFIER = "com.antoniogormley.Learning-App";
				PRODUCT_NAME = "$(TARGET_NAME)";
				SWIFT_VERSION = 5.0;
				TARGETED_DEVICE_FAMILY = "1,2";
			};
			name = Release;
		};
/* End XCBuildConfiguration section */

/* Begin XCConfigurationList section */
		709021A9268B5D1600DB2DBA /* Build configuration list for PBXProject "Learning App" */ = {
			isa = XCConfigurationList;
			buildConfigurations = (
				709021BB268B5D1900DB2DBA /* Debug */,
				709021BC268B5D1900DB2DBA /* Release */,
			);
			defaultConfigurationIsVisible = 0;
			defaultConfigurationName = Release;
		};
		709021BD268B5D1900DB2DBA /* Build configuration list for PBXNativeTarget "Learning App" */ = {
			isa = XCConfigurationList;
			buildConfigurations = (
				709021BE268B5D1900DB2DBA /* Debug */,
				709021BF268B5D1900DB2DBA /* Release */,
			);
			defaultConfigurationIsVisible = 0;
			defaultConfigurationName = Release;
		};
/* End XCConfigurationList section */
	};
	rootObject = 709021A6268B5D1600DB2DBA /* Project object */;
}
